// !$*UTF8*$!
{
	archiveVersion = 1;
	classes = {
	};
	objectVersion = 50;
	objects = {

/* Begin PBXBuildFile section */
		22CA153224D81CF9000981ED /* AppDelegate.swift in Sources */ = {isa = PBXBuildFile; fileRef = 22CA153124D81CF9000981ED /* AppDelegate.swift */; };
		22CA153424D81CF9000981ED /* SceneDelegate.swift in Sources */ = {isa = PBXBuildFile; fileRef = 22CA153324D81CF9000981ED /* SceneDelegate.swift */; };
		22CA153624D81CF9000981ED /* ViewController.swift in Sources */ = {isa = PBXBuildFile; fileRef = 22CA153524D81CF9000981ED /* ViewController.swift */; };
		22CA153924D81CF9000981ED /* Main.storyboard in Resources */ = {isa = PBXBuildFile; fileRef = 22CA153724D81CF9000981ED /* Main.storyboard */; };
		22CA153E24D81CFA000981ED /* LaunchScreen.storyboard in Resources */ = {isa = PBXBuildFile; fileRef = 22CA153C24D81CFA000981ED /* LaunchScreen.storyboard */; };
		22CA154724D82144000981ED /* logo.png in Resources */ = {isa = PBXBuildFile; fileRef = 22CA154624D82144000981ED /* logo.png */; };
/* End PBXBuildFile section */

/* Begin PBXFileReference section */
		22CA152E24D81CF9000981ED /* TikTokSaver.app */ = {isa = PBXFileReference; explicitFileType = wrapper.application; includeInIndex = 0; path = TikTokSaver.app; sourceTree = BUILT_PRODUCTS_DIR; };
		22CA153124D81CF9000981ED /* AppDelegate.swift */ = {isa = PBXFileReference; lastKnownFileType = sourcecode.swift; path = AppDelegate.swift; sourceTree = "<group>"; };
		22CA153324D81CF9000981ED /* SceneDelegate.swift */ = {isa = PBXFileReference; lastKnownFileType = sourcecode.swift; path = SceneDelegate.swift; sourceTree = "<group>"; };
		22CA153524D81CF9000981ED /* ViewController.swift */ = {isa = PBXFileReference; lastKnownFileType = sourcecode.swift; path = ViewController.swift; sourceTree = "<group>"; };
		22CA153824D81CF9000981ED /* Base */ = {isa = PBXFileReference; lastKnownFileType = file.storyboard; name = Base; path = Base.lproj/Main.storyboard; sourceTree = "<group>"; };
		22CA153D24D81CFA000981ED /* Base */ = {isa = PBXFileReference; lastKnownFileType = file.storyboard; name = Base; path = Base.lproj/LaunchScreen.storyboard; sourceTree = "<group>"; };
		22CA153F24D81CFA000981ED /* Info.plist */ = {isa = PBXFileReference; lastKnownFileType = text.plist.xml; path = Info.plist; sourceTree = "<group>"; };
		22CA154624D82144000981ED /* logo.png */ = {isa = PBXFileReference; lastKnownFileType = image.png; name = logo.png; path = ../../../../../Desktop/logo.png; sourceTree = "<group>"; };
/* End PBXFileReference section */

/* Begin PBXFrameworksBuildPhase section */
		22CA152B24D81CF9000981ED /* Frameworks */ = {
			isa = PBXFrameworksBuildPhase;
			buildActionMask = 2147483647;
			files = (
			);
			runOnlyForDeploymentPostprocessing = 0;
		};
/* End PBXFrameworksBuildPhase section */

/* Begin PBXGroup section */
		22CA152524D81CF9000981ED = {
			isa = PBXGroup;
			children = (
				22CA153024D81CF9000981ED /* TikTokSaver */,
				22CA152F24D81CF9000981ED /* Products */,
			);
			sourceTree = "<group>";
		};
		22CA152F24D81CF9000981ED /* Products */ = {
			isa = PBXGroup;
			children = (
				22CA152E24D81CF9000981ED /* TikTokSaver.app */,
			);
			name = Products;
			sourceTree = "<group>";
		};
		22CA153024D81CF9000981ED /* TikTokSaver */ = {
			isa = PBXGroup;
			children = (
				22CA154524D8213C000981ED /* images */,
				22CA153124D81CF9000981ED /* AppDelegate.swift */,
				22CA153324D81CF9000981ED /* SceneDelegate.swift */,
				22CA153524D81CF9000981ED /* ViewController.swift */,
				22CA153724D81CF9000981ED /* Main.storyboard */,
				22CA153C24D81CFA000981ED /* LaunchScreen.storyboard */,
				22CA153F24D81CFA000981ED /* Info.plist */,
			);
			path = TikTokSaver;
			sourceTree = "<group>";
		};
		22CA154524D8213C000981ED /* images */ = {
			isa = PBXGroup;
			children = (
				22CA154624D82144000981ED /* logo.png */,
			);
			path = images;
			sourceTree = "<group>";
		};
/* End PBXGroup section */

/* Begin PBXNativeTarget section */
		22CA152D24D81CF9000981ED /* TikTokSaver */ = {
			isa = PBXNativeTarget;
			buildConfigurationList = 22CA154224D81CFA000981ED /* Build configuration list for PBXNativeTarget "TikTokSaver" */;
			buildPhases = (
				22CA152A24D81CF9000981ED /* Sources */,
				22CA152B24D81CF9000981ED /* Frameworks */,
				22CA152C24D81CF9000981ED /* Resources */,
			);
			buildRules = (
			);
			dependencies = (
			);
			name = TikTokSaver;
			productName = TikTokSaver;
			productReference = 22CA152E24D81CF9000981ED /* TikTokSaver.app */;
			productType = "com.apple.product-type.application";
		};
/* End PBXNativeTarget section */

/* Begin PBXProject section */
		22CA152624D81CF9000981ED /* Project object */ = {
			isa = PBXProject;
			attributes = {
				LastSwiftUpdateCheck = 1130;
				LastUpgradeCheck = 1130;
				ORGANIZATIONNAME = Kamronbek;
				TargetAttributes = {
					22CA152D24D81CF9000981ED = {
						CreatedOnToolsVersion = 11.3.1;
					};
				};
			};
			buildConfigurationList = 22CA152924D81CF9000981ED /* Build configuration list for PBXProject "TikTokSaver" */;
			compatibilityVersion = "Xcode 9.3";
			developmentRegion = en;
			hasScannedForEncodings = 0;
			knownRegions = (
				en,
				Base,
			);
			mainGroup = 22CA152524D81CF9000981ED;
			productRefGroup = 22CA152F24D81CF9000981ED /* Products */;
			projectDirPath = "";
			projectRoot = "";
			targets = (
				22CA152D24D81CF9000981ED /* TikTokSaver */,
			);
		};
/* End PBXProject section */

/* Begin PBXResourcesBuildPhase section */
		22CA152C24D81CF9000981ED /* Resources */ = {
			isa = PBXResourcesBuildPhase;
			buildActionMask = 2147483647;
			files = (
				22CA154724D82144000981ED /* logo.png in Resources */,
				22CA153E24D81CFA000981ED /* LaunchScreen.storyboard in Resources */,
				22CA153924D81CF9000981ED /* Main.storyboard in Resources */,
			);
			runOnlyForDeploymentPostprocessing = 0;
		};
/* End PBXResourcesBuildPhase section */

/* Begin PBXSourcesBuildPhase section */
		22CA152A24D81CF9000981ED /* Sources */ = {
			isa = PBXSourcesBuildPhase;
			buildActionMask = 2147483647;
			files = (
				22CA153624D81CF9000981ED /* ViewController.swift in Sources */,
				22CA153224D81CF9000981ED /* AppDelegate.swift in Sources */,
				22CA153424D81CF9000981ED /* SceneDelegate.swift in Sources */,
			);
			runOnlyForDeploymentPostprocessing = 0;
		};
/* End PBXSourcesBuildPhase section */

/* Begin PBXVariantGroup section */
		22CA153724D81CF9000981ED /* Main.storyboard */ = {
			isa = PBXVariantGroup;
			children = (
				22CA153824D81CF9000981ED /* Base */,
			);
			name = Main.storyboard;
			sourceTree = "<group>";
		};
		22CA153C24D81CFA000981ED /* LaunchScreen.storyboard */ = {
			isa = PBXVariantGroup;
			children = (
				22CA153D24D81CFA000981ED /* Base */,
			);
			name = LaunchScreen.storyboard;
			sourceTree = "<group>";
		};
/* End PBXVariantGroup section */

/* Begin XCBuildConfiguration section */
		22CA154024D81CFA000981ED /* Debug */ = {
			isa = XCBuildConfiguration;
			buildSettings = {
				ALWAYS_SEARCH_USER_PATHS = NO;
				CLANG_ANALYZER_NONNULL = YES;
				CLANG_ANALYZER_NUMBER_OBJECT_CONVERSION = YES_AGGRESSIVE;
				CLANG_CXX_LANGUAGE_STANDARD = "gnu++14";
				CLANG_CXX_LIBRARY = "libc++";
				CLANG_ENABLE_MODULES = YES;
				CLANG_ENABLE_OBJC_ARC = YES;
				CLANG_ENABLE_OBJC_WEAK = YES;
				CLANG_WARN_BLOCK_CAPTURE_AUTORELEASING = YES;
				CLANG_WARN_BOOL_CONVERSION = YES;
				CLANG_WARN_COMMA = YES;
				CLANG_WARN_CONSTANT_CONVERSION = YES;
				CLANG_WARN_DEPRECATED_OBJC_IMPLEMENTATIONS = YES;
				CLANG_WARN_DIRECT_OBJC_ISA_USAGE = YES_ERROR;
				CLANG_WARN_DOCUMENTATION_COMMENTS = YES;
				CLANG_WARN_EMPTY_BODY = YES;
				CLANG_WARN_ENUM_CONVERSION = YES;
				CLANG_WARN_INFINITE_RECURSION = YES;
				CLANG_WARN_INT_CONVERSION = YES;
				CLANG_WARN_NON_LITERAL_NULL_CONVERSION = YES;
				CLANG_WARN_OBJC_IMPLICIT_RETAIN_SELF = YES;
				CLANG_WARN_OBJC_LITERAL_CONVERSION = YES;
				CLANG_WARN_OBJC_ROOT_CLASS = YES_ERROR;
				CLANG_WARN_RANGE_LOOP_ANALYSIS = YES;
				CLANG_WARN_STRICT_PROTOTYPES = YES;
				CLANG_WARN_SUSPICIOUS_MOVE = YES;
				CLANG_WARN_UNGUARDED_AVAILABILITY = YES_AGGRESSIVE;
				CLANG_WARN_UNREACHABLE_CODE = YES;
				CLANG_WARN__DUPLICATE_METHOD_MATCH = YES;
				COPY_PHASE_STRIP = NO;
				DEBUG_INFORMATION_FORMAT = dwarf;
				ENABLE_STRICT_OBJC_MSGSEND = YES;
				ENABLE_TESTABILITY = YES;
				GCC_C_LANGUAGE_STANDARD = gnu11;
				GCC_DYNAMIC_NO_PIC = NO;
				GCC_NO_COMMON_BLOCKS = YES;
				GCC_OPTIMIZATION_LEVEL = 0;
				GCC_PREPROCESSOR_DEFINITIONS = (
					"DEBUG=1",
					"$(inherited)",
				);
				GCC_WARN_64_TO_32_BIT_CONVERSION = YES;
				GCC_WARN_ABOUT_RETURN_TYPE = YES_ERROR;
				GCC_WARN_UNDECLARED_SELECTOR = YES;
				GCC_WARN_UNINITIALIZED_AUTOS = YES_AGGRESSIVE;
				GCC_WARN_UNUSED_FUNCTION = YES;
				GCC_WARN_UNUSED_VARIABLE = YES;
				IPHONEOS_DEPLOYMENT_TARGET = 13.2;
				MTL_ENABLE_DEBUG_INFO = INCLUDE_SOURCE;
				MTL_FAST_MATH = YES;
				ONLY_ACTIVE_ARCH = YES;
				SDKROOT = iphoneos;
				SWIFT_ACTIVE_COMPILATION_CONDITIONS = DEBUG;
				SWIFT_OPTIMIZATION_LEVEL = "-Onone";
			};
			name = Debug;
		};
		22CA154124D81CFA000981ED /* Release */ = {
			isa = XCBuildConfiguration;
			buildSettings = {
				ALWAYS_SEARCH_USER_PATHS = NO;
				CLANG_ANALYZER_NONNULL = YES;
				CLANG_ANALYZER_NUMBER_OBJECT_CONVERSION = YES_AGGRESSIVE;
				CLANG_CXX_LANGUAGE_STANDARD = "gnu++14";
				CLANG_CXX_LIBRARY = "libc++";
				CLANG_ENABLE_MODULES = YES;
				CLANG_ENABLE_OBJC_ARC = YES;
				CLANG_ENABLE_OBJC_WEAK = YES;
				CLANG_WARN_BLOCK_CAPTURE_AUTORELEASING = YES;
				CLANG_WARN_BOOL_CONVERSION = YES;
				CLANG_WARN_COMMA = YES;
				CLANG_WARN_CONSTANT_CONVERSION = YES;
				CLANG_WARN_DEPRECATED_OBJC_IMPLEMENTATIONS = YES;
				CLANG_WARN_DIRECT_OBJC_ISA_USAGE = YES_ERROR;
				CLANG_WARN_DOCUMENTATION_COMMENTS = YES;
				CLANG_WARN_EMPTY_BODY = YES;
				CLANG_WARN_ENUM_CONVERSION = YES;
				CLANG_WARN_INFINITE_RECURSION = YES;
				CLANG_WARN_INT_CONVERSION = YES;
				CLANG_WARN_NON_LITERAL_NULL_CONVERSION = YES;
				CLANG_WARN_OBJC_IMPLICIT_RETAIN_SELF = YES;
				CLANG_WARN_OBJC_LITERAL_CONVERSION = YES;
				CLANG_WARN_OBJC_ROOT_CLASS = YES_ERROR;
				CLANG_WARN_RANGE_LOOP_ANALYSIS = YES;
				CLANG_WARN_STRICT_PROTOTYPES = YES;
				CLANG_WARN_SUSPICIOUS_MOVE = YES;
				CLANG_WARN_UNGUARDED_AVAILABILITY = YES_AGGRESSIVE;
				CLANG_WARN_UNREACHABLE_CODE = YES;
				CLANG_WARN__DUPLICATE_METHOD_MATCH = YES;
				COPY_PHASE_STRIP = NO;
				DEBUG_INFORMATION_FORMAT = "dwarf-with-dsym";
				ENABLE_NS_ASSERTIONS = NO;
				ENABLE_STRICT_OBJC_MSGSEND = YES;
				GCC_C_LANGUAGE_STANDARD = gnu11;
				GCC_NO_COMMON_BLOCKS = YES;
				GCC_WARN_64_TO_32_BIT_CONVERSION = YES;
				GCC_WARN_ABOUT_RETURN_TYPE = YES_ERROR;
				GCC_WARN_UNDECLARED_SELECTOR = YES;
				GCC_WARN_UNINITIALIZED_AUTOS = YES_AGGRESSIVE;
				GCC_WARN_UNUSED_FUNCTION = YES;
				GCC_WARN_UNUSED_VARIABLE = YES;
				IPHONEOS_DEPLOYMENT_TARGET = 13.2;
				MTL_ENABLE_DEBUG_INFO = NO;
				MTL_FAST_MATH = YES;
				SDKROOT = iphoneos;
				SWIFT_COMPILATION_MODE = wholemodule;
				SWIFT_OPTIMIZATION_LEVEL = "-O";
				VALIDATE_PRODUCT = YES;
			};
			name = Release;
		};
		22CA154324D81CFA000981ED /* Debug */ = {
			isa = XCBuildConfiguration;
			buildSettings = {
				ASSETCATALOG_COMPILER_APPICON_NAME = AppIcon;
				CODE_SIGN_STYLE = Automatic;
				DEVELOPMENT_TEAM = KN4GPA9UR2;
				INFOPLIST_FILE = TikTokSaver/Info.plist;
				LD_RUNPATH_SEARCH_PATHS = (
					"$(inherited)",
					"@executable_path/Frameworks",
				);
				PRODUCT_BUNDLE_IDENTIFIER = kamronbek.TikTokSaver;
				PRODUCT_NAME = "$(TARGET_NAME)";
				SWIFT_VERSION = 5.0;
				TARGETED_DEVICE_FAMILY = "1,2";
			};
			name = Debug;
		};
		22CA154424D81CFA000981ED /* Release */ = {
			isa = XCBuildConfiguration;
			buildSettings = {
				ASSETCATALOG_COMPILER_APPICON_NAME = AppIcon;
				CODE_SIGN_STYLE = Automatic;
				DEVELOPMENT_TEAM = KN4GPA9UR2;
				INFOPLIST_FILE = TikTokSaver/Info.plist;
				LD_RUNPATH_SEARCH_PATHS = (
					"$(inherited)",
					"@executable_path/Frameworks",
				);
				PRODUCT_BUNDLE_IDENTIFIER = kamronbek.TikTokSaver;
				PRODUCT_NAME = "$(TARGET_NAME)";
				SWIFT_VERSION = 5.0;
				TARGETED_DEVICE_FAMILY = "1,2";
			};
			name = Release;
		};
/* End XCBuildConfiguration section */

/* Begin XCConfigurationList section */
		22CA152924D81CF9000981ED /* Build configuration list for PBXProject "TikTokSaver" */ = {
			isa = XCConfigurationList;
			buildConfigurations = (
				22CA154024D81CFA000981ED /* Debug */,
				22CA154124D81CFA000981ED /* Release */,
			);
			defaultConfigurationIsVisible = 0;
			defaultConfigurationName = Release;
		};
		22CA154224D81CFA000981ED /* Build configuration list for PBXNativeTarget "TikTokSaver" */ = {
			isa = XCConfigurationList;
			buildConfigurations = (
				22CA154324D81CFA000981ED /* Debug */,
				22CA154424D81CFA000981ED /* Release */,
			);
			defaultConfigurationIsVisible = 0;
			defaultConfigurationName = Release;
		};
/* End XCConfigurationList section */
	};
	rootObject = 22CA152624D81CF9000981ED /* Project object */;
}
